// !$*UTF8*$!
{
	archiveVersion = 1;
	classes = {
	};
	objectVersion = 56;
	objects = {

/* Begin PBXBuildFile section */
		BA8209D42979D57B00BD7AB3 /* main.c in Sources */ = {isa = PBXBuildFile; fileRef = BA8209D32979D57B00BD7AB3 /* main.c */; };
		BA8209DC2979D59C00BD7AB3 /* Student.c in Sources */ = {isa = PBXBuildFile; fileRef = BA8209DB2979D59C00BD7AB3 /* Student.c */; };
		BA8209E22979D6F000BD7AB3 /* Utility.c in Sources */ = {isa = PBXBuildFile; fileRef = BA8209E12979D6F000BD7AB3 /* Utility.c */; };
		BA8209E52979DAC200BD7AB3 /* Admin.c in Sources */ = {isa = PBXBuildFile; fileRef = BA8209E42979DAC200BD7AB3 /* Admin.c */; };
		BA8209E8297AF74300BD7AB3 /* Test Case.c in Sources */ = {isa = PBXBuildFile; fileRef = BA8209E7297AF74300BD7AB3 /* Test Case.c */; };
/* End PBXBuildFile section */

/* Begin PBXCopyFilesBuildPhase section */
		BA8209CE2979D57B00BD7AB3 /* CopyFiles */ = {
			isa = PBXCopyFilesBuildPhase;
			buildActionMask = 2147483647;
			dstPath = /usr/share/man/man1/;
			dstSubfolderSpec = 0;
			files = (
			);
			runOnlyForDeploymentPostprocessing = 1;
		};
/* End PBXCopyFilesBuildPhase section */

/* Begin PBXFileReference section */
		BA8209D02979D57B00BD7AB3 /* Student Affairs Management System */ = {isa = PBXFileReference; explicitFileType = "compiled.mach-o.executable"; includeInIndex = 0; path = "Student Affairs Management System"; sourceTree = BUILT_PRODUCTS_DIR; };
		BA8209D32979D57B00BD7AB3 /* main.c */ = {isa = PBXFileReference; lastKnownFileType = sourcecode.c.c; path = main.c; sourceTree = "<group>"; };
		BA8209DA2979D59C00BD7AB3 /* Student.h */ = {isa = PBXFileReference; lastKnownFileType = sourcecode.c.h; path = Student.h; sourceTree = "<group>"; };
		BA8209DB2979D59C00BD7AB3 /* Student.c */ = {isa = PBXFileReference; lastKnownFileType = sourcecode.c.c; path = Student.c; sourceTree = "<group>"; };
		BA8209E02979D6F000BD7AB3 /* Utility.h */ = {isa = PBXFileReference; lastKnownFileType = sourcecode.c.h; path = Utility.h; sourceTree = "<group>"; };
		BA8209E12979D6F000BD7AB3 /* Utility.c */ = {isa = PBXFileReference; lastKnownFileType = sourcecode.c.c; path = Utility.c; sourceTree = "<group>"; };
		BA8209E32979DAC200BD7AB3 /* Admin.h */ = {isa = PBXFileReference; lastKnownFileType = sourcecode.c.h; path = Admin.h; sourceTree = "<group>"; };
		BA8209E42979DAC200BD7AB3 /* Admin.c */ = {isa = PBXFileReference; lastKnownFileType = sourcecode.c.c; path = Admin.c; sourceTree = "<group>"; };
		BA8209E6297AF74300BD7AB3 /* Test Case.h */ = {isa = PBXFileReference; lastKnownFileType = sourcecode.c.h; path = "Test Case.h"; sourceTree = "<group>"; };
		BA8209E7297AF74300BD7AB3 /* Test Case.c */ = {isa = PBXFileReference; lastKnownFileType = sourcecode.c.c; path = "Test Case.c"; sourceTree = "<group>"; };
/* End PBXFileReference section */

/* Begin PBXFrameworksBuildPhase section */
		BA8209CD2979D57B00BD7AB3 /* Frameworks */ = {
			isa = PBXFrameworksBuildPhase;
			buildActionMask = 2147483647;
			files = (
			);
			runOnlyForDeploymentPostprocessing = 0;
		};
/* End PBXFrameworksBuildPhase section */

/* Begin PBXGroup section */
		BA8209C72979D57B00BD7AB3 = {
			isa = PBXGroup;
			children = (
				BA8209D22979D57B00BD7AB3 /* Student Affairs Management System */,
				BA8209D12979D57B00BD7AB3 /* Products */,
			);
			sourceTree = "<group>";
		};
		BA8209D12979D57B00BD7AB3 /* Products */ = {
			isa = PBXGroup;
			children = (
				BA8209D02979D57B00BD7AB3 /* Student Affairs Management System */,
			);
			name = Products;
			sourceTree = "<group>";
		};
		BA8209D22979D57B00BD7AB3 /* Student Affairs Management System */ = {
			isa = PBXGroup;
			children = (
				BA8209D32979D57B00BD7AB3 /* main.c */,
				BA8209E6297AF74300BD7AB3 /* Test Case.h */,
				BA8209E7297AF74300BD7AB3 /* Test Case.c */,
				BA8209DA2979D59C00BD7AB3 /* Student.h */,
				BA8209DB2979D59C00BD7AB3 /* Student.c */,
				BA8209E32979DAC200BD7AB3 /* Admin.h */,
				BA8209E42979DAC200BD7AB3 /* Admin.c */,
				BA8209E02979D6F000BD7AB3 /* Utility.h */,
				BA8209E12979D6F000BD7AB3 /* Utility.c */,
			);
			path = "Student Affairs Management System";
			sourceTree = "<group>";
		};
/* End PBXGroup section */

/* Begin PBXNativeTarget section */
		BA8209CF2979D57B00BD7AB3 /* Student Affairs Management System */ = {
			isa = PBXNativeTarget;
			buildConfigurationList = BA8209D72979D57B00BD7AB3 /* Build configuration list for PBXNativeTarget "Student Affairs Management System" */;
			buildPhases = (
				BA8209CC2979D57B00BD7AB3 /* Sources */,
				BA8209CD2979D57B00BD7AB3 /* Frameworks */,
				BA8209CE2979D57B00BD7AB3 /* CopyFiles */,
			);
			buildRules = (
			);
			dependencies = (
			);
			name = "Student Affairs Management System";
			productName = "Student Affairs Management System";
			productReference = BA8209D02979D57B00BD7AB3 /* Student Affairs Management System */;
			productType = "com.apple.product-type.tool";
		};
/* End PBXNativeTarget section */

/* Begin PBXProject section */
		BA8209C82979D57B00BD7AB3 /* Project object */ = {
			isa = PBXProject;
			attributes = {
				BuildIndependentTargetsInParallel = 1;
				LastUpgradeCheck = 1400;
				TargetAttributes = {
					BA8209CF2979D57B00BD7AB3 = {
						CreatedOnToolsVersion = 14.0;
					};
				};
			};
			buildConfigurationList = BA8209CB2979D57B00BD7AB3 /* Build configuration list for PBXProject "Student Affairs Management System" */;
			compatibilityVersion = "Xcode 14.0";
			developmentRegion = en;
			hasScannedForEncodings = 0;
			knownRegions = (
				en,
				Base,
			);
			mainGroup = BA8209C72979D57B00BD7AB3;
			productRefGroup = BA8209D12979D57B00BD7AB3 /* Products */;
			projectDirPath = "";
			projectRoot = "";
			targets = (
				BA8209CF2979D57B00BD7AB3 /* Student Affairs Management System */,
			);
		};
/* End PBXProject section */

/* Begin PBXSourcesBuildPhase section */
		BA8209CC2979D57B00BD7AB3 /* Sources */ = {
			isa = PBXSourcesBuildPhase;
			buildActionMask = 2147483647;
			files = (
				BA8209D42979D57B00BD7AB3 /* main.c in Sources */,
				BA8209E52979DAC200BD7AB3 /* Admin.c in Sources */,
				BA8209DC2979D59C00BD7AB3 /* Student.c in Sources */,
				BA8209E22979D6F000BD7AB3 /* Utility.c in Sources */,
				BA8209E8297AF74300BD7AB3 /* Test Case.c in Sources */,
			);
			runOnlyForDeploymentPostprocessing = 0;
		};
/* End PBXSourcesBuildPhase section */

/* Begin XCBuildConfiguration section */
		BA8209D52979D57B00BD7AB3 /* Debug */ = {
			isa = XCBuildConfiguration;
			buildSettings = {
				ALWAYS_SEARCH_USER_PATHS = NO;
				CLANG_ANALYZER_NONNULL = YES;
				CLANG_ANALYZER_NUMBER_OBJECT_CONVERSION = YES_AGGRESSIVE;
				CLANG_CXX_LANGUAGE_STANDARD = "gnu++20";
				CLANG_ENABLE_MODULES = YES;
				CLANG_ENABLE_OBJC_ARC = YES;
				CLANG_ENABLE_OBJC_WEAK = YES;
				CLANG_WARN_BLOCK_CAPTURE_AUTORELEASING = YES;
				CLANG_WARN_BOOL_CONVERSION = YES;
				CLANG_WARN_COMMA = YES;
				CLANG_WARN_CONSTANT_CONVERSION = YES;
				CLANG_WARN_DEPRECATED_OBJC_IMPLEMENTATIONS = YES;
				CLANG_WARN_DIRECT_OBJC_ISA_USAGE = YES_ERROR;
				CLANG_WARN_DOCUMENTATION_COMMENTS = YES;
				CLANG_WARN_EMPTY_BODY = YES;
				CLANG_WARN_ENUM_CONVERSION = YES;
				CLANG_WARN_INFINITE_RECURSION = YES;
				CLANG_WARN_INT_CONVERSION = YES;
				CLANG_WARN_NON_LITERAL_NULL_CONVERSION = YES;
				CLANG_WARN_OBJC_IMPLICIT_RETAIN_SELF = YES;
				CLANG_WARN_OBJC_LITERAL_CONVERSION = YES;
				CLANG_WARN_OBJC_ROOT_CLASS = YES_ERROR;
				CLANG_WARN_QUOTED_INCLUDE_IN_FRAMEWORK_HEADER = YES;
				CLANG_WARN_RANGE_LOOP_ANALYSIS = YES;
				CLANG_WARN_STRICT_PROTOTYPES = YES;
				CLANG_WARN_SUSPICIOUS_MOVE = YES;
				CLANG_WARN_UNGUARDED_AVAILABILITY = YES_AGGRESSIVE;
				CLANG_WARN_UNREACHABLE_CODE = YES;
				CLANG_WARN__DUPLICATE_METHOD_MATCH = YES;
				COPY_PHASE_STRIP = NO;
				DEBUG_INFORMATION_FORMAT = dwarf;
				ENABLE_STRICT_OBJC_MSGSEND = YES;
				ENABLE_TESTABILITY = YES;
				GCC_C_LANGUAGE_STANDARD = gnu11;
				GCC_DYNAMIC_NO_PIC = NO;
				GCC_NO_COMMON_BLOCKS = YES;
				GCC_OPTIMIZATION_LEVEL = 0;
				GCC_PREPROCESSOR_DEFINITIONS = (
					"DEBUG=1",
					"$(inherited)",
				);
				GCC_WARN_64_TO_32_BIT_CONVERSION = YES;
				GCC_WARN_ABOUT_RETURN_TYPE = YES_ERROR;
				GCC_WARN_UNDECLARED_SELECTOR = YES;
				GCC_WARN_UNINITIALIZED_AUTOS = YES_AGGRESSIVE;
				GCC_WARN_UNUSED_FUNCTION = YES;
				GCC_WARN_UNUSED_VARIABLE = YES;
				MACOSX_DEPLOYMENT_TARGET = 12.3;
				MTL_ENABLE_DEBUG_INFO = INCLUDE_SOURCE;
				MTL_FAST_MATH = YES;
				ONLY_ACTIVE_ARCH = YES;
				SDKROOT = macosx;
				SYMROOT = build;
			};
			name = Debug;
		};
		BA8209D62979D57B00BD7AB3 /* Release */ = {
			isa = XCBuildConfiguration;
			buildSettings = {
				ALWAYS_SEARCH_USER_PATHS = NO;
				CLANG_ANALYZER_NONNULL = YES;
				CLANG_ANALYZER_NUMBER_OBJECT_CONVERSION = YES_AGGRESSIVE;
				CLANG_CXX_LANGUAGE_STANDARD = "gnu++20";
				CLANG_ENABLE_MODULES = YES;
				CLANG_ENABLE_OBJC_ARC = YES;
				CLANG_ENABLE_OBJC_WEAK = YES;
				CLANG_WARN_BLOCK_CAPTURE_AUTORELEASING = YES;
				CLANG_WARN_BOOL_CONVERSION = YES;
				CLANG_WARN_COMMA = YES;
				CLANG_WARN_CONSTANT_CONVERSION = YES;
				CLANG_WARN_DEPRECATED_OBJC_IMPLEMENTATIONS = YES;
				CLANG_WARN_DIRECT_OBJC_ISA_USAGE = YES_ERROR;
				CLANG_WARN_DOCUMENTATION_COMMENTS = YES;
				CLANG_WARN_EMPTY_BODY = YES;
				CLANG_WARN_ENUM_CONVERSION = YES;
				CLANG_WARN_INFINITE_RECURSION = YES;
				CLANG_WARN_INT_CONVERSION = YES;
				CLANG_WARN_NON_LITERAL_NULL_CONVERSION = YES;
				CLANG_WARN_OBJC_IMPLICIT_RETAIN_SELF = YES;
				CLANG_WARN_OBJC_LITERAL_CONVERSION = YES;
				CLANG_WARN_OBJC_ROOT_CLASS = YES_ERROR;
				CLANG_WARN_QUOTED_INCLUDE_IN_FRAMEWORK_HEADER = YES;
				CLANG_WARN_RANGE_LOOP_ANALYSIS = YES;
				CLANG_WARN_STRICT_PROTOTYPES = YES;
				CLANG_WARN_SUSPICIOUS_MOVE = YES;
				CLANG_WARN_UNGUARDED_AVAILABILITY = YES_AGGRESSIVE;
				CLANG_WARN_UNREACHABLE_CODE = YES;
				CLANG_WARN__DUPLICATE_METHOD_MATCH = YES;
				COPY_PHASE_STRIP = NO;
				DEBUG_INFORMATION_FORMAT = "dwarf-with-dsym";
				ENABLE_NS_ASSERTIONS = NO;
				ENABLE_STRICT_OBJC_MSGSEND = YES;
				GCC_C_LANGUAGE_STANDARD = gnu11;
				GCC_NO_COMMON_BLOCKS = YES;
				GCC_WARN_64_TO_32_BIT_CONVERSION = YES;
				GCC_WARN_ABOUT_RETURN_TYPE = YES_ERROR;
				GCC_WARN_UNDECLARED_SELECTOR = YES;
				GCC_WARN_UNINITIALIZED_AUTOS = YES_AGGRESSIVE;
				GCC_WARN_UNUSED_FUNCTION = YES;
				GCC_WARN_UNUSED_VARIABLE = YES;
				MACOSX_DEPLOYMENT_TARGET = 12.3;
				MTL_ENABLE_DEBUG_INFO = NO;
				MTL_FAST_MATH = YES;
				SDKROOT = macosx;
				SYMROOT = build;
			};
			name = Release;
		};
		BA8209D82979D57B00BD7AB3 /* Debug */ = {
			isa = XCBuildConfiguration;
			buildSettings = {
				CODE_SIGN_STYLE = Automatic;
				GCC_NO_COMMON_BLOCKS = YES;
				PRODUCT_NAME = "$(TARGET_NAME)";
			};
			name = Debug;
		};
		BA8209D92979D57B00BD7AB3 /* Release */ = {
			isa = XCBuildConfiguration;
			buildSettings = {
				CODE_SIGN_STYLE = Automatic;
				GCC_NO_COMMON_BLOCKS = YES;
				PRODUCT_NAME = "$(TARGET_NAME)";
			};
			name = Release;
		};
/* End XCBuildConfiguration section */

/* Begin XCConfigurationList section */
		BA8209CB2979D57B00BD7AB3 /* Build configuration list for PBXProject "Student Affairs Management System" */ = {
			isa = XCConfigurationList;
			buildConfigurations = (
				BA8209D52979D57B00BD7AB3 /* Debug */,
				BA8209D62979D57B00BD7AB3 /* Release */,
			);
			defaultConfigurationIsVisible = 0;
			defaultConfigurationName = Release;
		};
		BA8209D72979D57B00BD7AB3 /* Build configuration list for PBXNativeTarget "Student Affairs Management System" */ = {
			isa = XCConfigurationList;
			buildConfigurations = (
				BA8209D82979D57B00BD7AB3 /* Debug */,
				BA8209D92979D57B00BD7AB3 /* Release */,
			);
			defaultConfigurationIsVisible = 0;
			defaultConfigurationName = Release;
		};
/* End XCConfigurationList section */
	};
	rootObject = BA8209C82979D57B00BD7AB3 /* Project object */;
}
